# This file is automatically @generated by Cargo.
# It is not intended for manual editing.
version = 3

[[package]]
name = "autocfg"
version = "1.1.0"
source = "registry+https://github.com/rust-lang/crates.io-index"
checksum = "d468802bab17cbc0cc575e9b053f41e72aa36bfa6b7f55e3529ffa43161b97fa"

[[package]]
name = "bitflags"
version = "1.3.2"
source = "registry+https://github.com/rust-lang/crates.io-index"
checksum = "bef38d45163c2f1dde094a7dfd33ccf595c92905c8f8f4fdc18d06fb1037718a"

[[package]]
name = "cfg-if"
version = "1.0.0"
source = "registry+https://github.com/rust-lang/crates.io-index"
checksum = "baf1de4339761588bc0619e3cbc0120ee582ebb74b53b4efbf79117bd2da40fd"

[[package]]
name = "core-foundation"
version = "0.9.4"
source = "registry+https://github.com/rust-lang/crates.io-index"
checksum = "91e195e091a93c46f7102ec7818a2aa394e1e1771c3ab4825963fa03e45afb8f"
dependencies = [
 "core-foundation-sys",
 "libc",
]

[[package]]
name = "core-foundation-sys"
version = "0.8.6"
source = "registry+https://github.com/rust-lang/crates.io-index"
checksum = "06ea2b9bc92be3c2baa9334a323ebca2d6f074ff852cd1d7b11064035cd3868f"

[[package]]
name = "device_query"
version = "1.1.3"
source = "registry+https://github.com/rust-lang/crates.io-index"
checksum = "240bfe23da1cc62df990c5446c0268005bf4ba166890c4b4f266093bc12ccccc"
dependencies = [
 "lazy_static",
 "macos-accessibility-client",
 "pkg-config",
 "readkey",
 "readmouse",
 "windows",
 "x11",
]

[[package]]
name = "equivalent"
version = "1.0.1"
source = "registry+https://github.com/rust-lang/crates.io-index"
checksum = "5443807d6dff69373d433ab9ef5378ad8df50ca6298caf15de6e52e24aaf54d5"

[[package]]
name = "hashbrown"
version = "0.14.3"
source = "registry+https://github.com/rust-lang/crates.io-index"
checksum = "290f1a1d9242c78d09ce40a5e87e7554ee637af1351968159f4952f028f75604"

[[package]]
name = "indexmap"
version = "2.1.0"
source = "registry+https://github.com/rust-lang/crates.io-index"
checksum = "d530e1a18b1cb4c484e6e34556a0d948706958449fca0cab753d649f2bce3d1f"
dependencies = [
 "equivalent",
 "hashbrown",
]

[[package]]
name = "indoc"
version = "1.0.9"
source = "registry+https://github.com/rust-lang/crates.io-index"
checksum = "bfa799dd5ed20a7e349f3b4639aa80d74549c81716d9ec4f994c9b5815598306"

[[package]]
name = "itoa"
version = "1.0.10"
source = "registry+https://github.com/rust-lang/crates.io-index"
checksum = "b1a46d1a171d865aa5f83f92695765caa047a9b4cbae2cbf37dbd613a793fd4c"

[[package]]
name = "lazy_static"
version = "1.4.0"
source = "registry+https://github.com/rust-lang/crates.io-index"
checksum = "e2abad23fbc42b3700f2f279844dc832adb2b2eb069b2df918f455c4e18cc646"

[[package]]
name = "libc"
version = "0.2.151"
source = "registry+https://github.com/rust-lang/crates.io-index"
checksum = "302d7ab3130588088d277783b1e2d2e10c9e9e4a16dd9050e6ec93fb3e7048f4"

[[package]]
name = "lock_api"
version = "0.4.11"
source = "registry+https://github.com/rust-lang/crates.io-index"
checksum = "3c168f8615b12bc01f9c17e2eb0cc07dcae1940121185446edc3744920e8ef45"
dependencies = [
 "autocfg",
 "scopeguard",
]

[[package]]
name = "macos-accessibility-client"
version = "0.0.1"
source = "registry+https://github.com/rust-lang/crates.io-index"
checksum = "edf7710fbff50c24124331760978fb9086d6de6288dcdb38b25a97f8b1bdebbb"
dependencies = [
 "core-foundation",
 "core-foundation-sys",
]

[[package]]
name = "memoffset"
version = "0.9.0"
source = "registry+https://github.com/rust-lang/crates.io-index"
checksum = "5a634b1c61a95585bd15607c6ab0c4e5b226e695ff2800ba0cdccddf208c406c"
dependencies = [
 "autocfg",
]

[[package]]
name = "once_cell"
version = "1.19.0"
source = "registry+https://github.com/rust-lang/crates.io-index"
checksum = "3fdb12b2476b595f9358c5161aa467c2438859caa136dec86c26fdd2efe17b92"

[[package]]
name = "parking_lot"
version = "0.12.1"
source = "registry+https://github.com/rust-lang/crates.io-index"
checksum = "3742b2c103b9f06bc9fff0a37ff4912935851bee6d36f3c02bcc755bcfec228f"
dependencies = [
 "lock_api",
 "parking_lot_core",
]

[[package]]
name = "parking_lot_core"
version = "0.9.9"
source = "registry+https://github.com/rust-lang/crates.io-index"
checksum = "4c42a9226546d68acdd9c0a280d17ce19bfe27a46bf68784e4066115788d008e"
dependencies = [
 "cfg-if",
 "libc",
 "redox_syscall",
 "smallvec",
 "windows-targets 0.48.5",
]

[[package]]
name = "pkg-config"
version = "0.3.28"
source = "registry+https://github.com/rust-lang/crates.io-index"
checksum = "69d3587f8a9e599cc7ec2c00e331f71c4e69a5f9a4b8a6efd5b07466b9736f9a"

[[package]]
name = "proc-macro2"
version = "1.0.71"
source = "registry+https://github.com/rust-lang/crates.io-index"
checksum = "75cb1540fadbd5b8fbccc4dddad2734eba435053f725621c070711a14bb5f4b8"
dependencies = [
 "unicode-ident",
]

[[package]]
name = "pyo3"
version = "0.19.2"
source = "registry+https://github.com/rust-lang/crates.io-index"
checksum = "e681a6cfdc4adcc93b4d3cf993749a4552018ee0a9b65fc0ccfad74352c72a38"
dependencies = [
 "cfg-if",
 "indoc",
 "libc",
 "memoffset",
 "parking_lot",
 "pyo3-build-config",
 "pyo3-ffi",
 "pyo3-macros",
 "unindent",
]

[[package]]
name = "pyo3-build-config"
version = "0.19.2"
source = "registry+https://github.com/rust-lang/crates.io-index"
checksum = "076c73d0bc438f7a4ef6fdd0c3bb4732149136abd952b110ac93e4edb13a6ba5"
dependencies = [
 "once_cell",
 "target-lexicon",
]

[[package]]
name = "pyo3-ffi"
version = "0.19.2"
source = "registry+https://github.com/rust-lang/crates.io-index"
checksum = "e53cee42e77ebe256066ba8aa77eff722b3bb91f3419177cf4cd0f304d3284d9"
dependencies = [
 "libc",
 "pyo3-build-config",
]

[[package]]
name = "pyo3-macros"
version = "0.19.2"
source = "registry+https://github.com/rust-lang/crates.io-index"
checksum = "dfeb4c99597e136528c6dd7d5e3de5434d1ceaf487436a3f03b2d56b6fc9efd1"
dependencies = [
 "proc-macro2",
 "pyo3-macros-backend",
 "quote",
 "syn 1.0.109",
]

[[package]]
name = "pyo3-macros-backend"
version = "0.19.2"
source = "registry+https://github.com/rust-lang/crates.io-index"
checksum = "947dc12175c254889edc0c02e399476c2f652b4b9ebd123aa655c224de259536"
dependencies = [
 "proc-macro2",
 "quote",
 "syn 1.0.109",
]

[[package]]
name = "quote"
version = "1.0.33"
source = "registry+https://github.com/rust-lang/crates.io-index"
checksum = "5267fca4496028628a95160fc423a33e8b2e6af8a5302579e322e4b520293cae"
dependencies = [
 "proc-macro2",
]

[[package]]
name = "readkey"
version = "0.1.7"
source = "registry+https://github.com/rust-lang/crates.io-index"
checksum = "86d401b6d6a1725a59f1b4e813275d289dff3ad09c72b373a10a7a8217ba3146"

[[package]]
name = "readmouse"
version = "0.2.1"
source = "registry+https://github.com/rust-lang/crates.io-index"
checksum = "be105c72a1e6a5a1198acee3d5b506a15676b74a02ecd78060042a447f408d94"

[[package]]
name = "redox_syscall"
version = "0.4.1"
source = "registry+https://github.com/rust-lang/crates.io-index"
checksum = "4722d768eff46b75989dd134e5c353f0d6296e5aaa3132e776cbdb56be7731aa"
dependencies = [
 "bitflags",
]

[[package]]
name = "ryu"
version = "1.0.16"
source = "registry+https://github.com/rust-lang/crates.io-index"
checksum = "f98d2aa92eebf49b69786be48e4477826b256916e84a57ff2a4f21923b48eb4c"

[[package]]
name = "scopeguard"
version = "1.2.0"
source = "registry+https://github.com/rust-lang/crates.io-index"
checksum = "94143f37725109f92c262ed2cf5e59bce7498c01bcc1502d7b9afe439a4e9f49"

[[package]]
name = "serde"
version = "1.0.193"
source = "registry+https://github.com/rust-lang/crates.io-index"
checksum = "25dd9975e68d0cb5aa1120c288333fc98731bd1dd12f561e468ea4728c042b89"
dependencies = [
 "serde_derive",
]

[[package]]
name = "serde_derive"
version = "1.0.193"
source = "registry+https://github.com/rust-lang/crates.io-index"
checksum = "43576ca501357b9b071ac53cdc7da8ef0cbd9493d8df094cd821777ea6e894d3"
dependencies = [
 "proc-macro2",
 "quote",
 "syn 2.0.42",
]

[[package]]
name = "serde_json"
version = "1.0.108"
source = "registry+https://github.com/rust-lang/crates.io-index"
checksum = "3d1c7e3eac408d115102c4c24ad393e0821bb3a5df4d506a80f85f7a742a526b"
dependencies = [
 "itoa",
 "ryu",
 "serde",
]

[[package]]
name = "serde_yaml"
version = "0.9.29"
source = "registry+https://github.com/rust-lang/crates.io-index"
checksum = "a15e0ef66bf939a7c890a0bf6d5a733c70202225f9888a89ed5c62298b019129"
dependencies = [
 "indexmap",
 "itoa",
 "ryu",
 "serde",
 "unsafe-libyaml",
]

[[package]]
name = "smallvec"
version = "1.11.2"
source = "registry+https://github.com/rust-lang/crates.io-index"
checksum = "4dccd0940a2dcdf68d092b8cbab7dc0ad8fa938bf95787e1b916b0e3d0e8e970"

[[package]]
name = "syn"
version = "1.0.109"
source = "registry+https://github.com/rust-lang/crates.io-index"
checksum = "72b64191b275b66ffe2469e8af2c1cfe3bafa67b529ead792a6d0160888b4237"
dependencies = [
 "proc-macro2",
 "quote",
 "unicode-ident",
]

[[package]]
name = "syn"
version = "2.0.42"
source = "registry+https://github.com/rust-lang/crates.io-index"
checksum = "5b7d0a2c048d661a1a59fcd7355baa232f7ed34e0ee4df2eef3c1c1c0d3852d8"
dependencies = [
 "proc-macro2",
 "quote",
 "unicode-ident",
]

[[package]]
name = "target-lexicon"
version = "0.12.12"
source = "registry+https://github.com/rust-lang/crates.io-index"
checksum = "14c39fd04924ca3a864207c66fc2cd7d22d7c016007f9ce846cbb9326331930a"

[[package]]
name = "typing_ds"
version = "0.1.0"
dependencies = [
 "device_query",
 "pyo3",
 "serde",
 "serde_json",
 "serde_yaml",
]

[[package]]
name = "unicode-ident"
version = "1.0.12"
source = "registry+https://github.com/rust-lang/crates.io-index"
checksum = "3354b9ac3fae1ff6755cb6db53683adb661634f67557942dea4facebec0fee4b"

[[package]]
name = "unindent"
version = "0.1.11"
source = "registry+https://github.com/rust-lang/crates.io-index"
checksum = "e1766d682d402817b5ac4490b3c3002d91dfa0d22812f341609f97b08757359c"

[[package]]
name = "unsafe-libyaml"
version = "0.2.10"
source = "registry+https://github.com/rust-lang/crates.io-index"
checksum = "ab4c90930b95a82d00dc9e9ac071b4991924390d46cbd0dfe566148667605e4b"

[[package]]
name = "windows"
version = "0.46.0"
source = "registry+https://github.com/rust-lang/crates.io-index"
checksum = "cdacb41e6a96a052c6cb63a144f24900236121c6f63f4f8219fef5977ecb0c25"
dependencies = [
 "windows-targets 0.42.2",
]

[[package]]
name = "windows-targets"
version = "0.42.2"
source = "registry+https://github.com/rust-lang/crates.io-index"
checksum = "8e5180c00cd44c9b1c88adb3693291f1cd93605ded80c250a75d472756b4d071"
dependencies = [
 "windows_aarch64_gnullvm 0.42.2",
 "windows_aarch64_msvc 0.42.2",
 "windows_i686_gnu 0.42.2",
 "windows_i686_msvc 0.42.2",
 "windows_x86_64_gnu 0.42.2",
 "windows_x86_64_gnullvm 0.42.2",
 "windows_x86_64_msvc 0.42.2",
]

[[package]]
name = "windows-targets"
version = "0.48.5"
source = "registry+https://github.com/rust-lang/crates.io-index"
checksum = "9a2fa6e2155d7247be68c096456083145c183cbbbc2764150dda45a87197940c"
dependencies = [
 "windows_aarch64_gnullvm 0.48.5",
 "windows_aarch64_msvc 0.48.5",
 "windows_i686_gnu 0.48.5",
 "windows_i686_msvc 0.48.5",
 "windows_x86_64_gnu 0.48.5",
 "windows_x86_64_gnullvm 0.48.5",
 "windows_x86_64_msvc 0.48.5",
]

[[package]]
name = "windows_aarch64_gnullvm"
version = "0.42.2"
source = "registry+https://github.com/rust-lang/crates.io-index"
checksum = "597a5118570b68bc08d8d59125332c54f1ba9d9adeedeef5b99b02ba2b0698f8"

[[package]]
name = "windows_aarch64_gnullvm"
version = "0.48.5"
source = "registry+https://github.com/rust-lang/crates.io-index"
checksum = "2b38e32f0abccf9987a4e3079dfb67dcd799fb61361e53e2882c3cbaf0d905d8"

[[package]]
name = "windows_aarch64_msvc"
version = "0.42.2"
source = "registry+https://github.com/rust-lang/crates.io-index"
checksum = "e08e8864a60f06ef0d0ff4ba04124db8b0fb3be5776a5cd47641e942e58c4d43"

[[package]]
name = "windows_aarch64_msvc"
version = "0.48.5"
source = "registry+https://github.com/rust-lang/crates.io-index"
checksum = "dc35310971f3b2dbbf3f0690a219f40e2d9afcf64f9ab7cc1be722937c26b4bc"

[[package]]
name = "windows_i686_gnu"
version = "0.42.2"
source = "registry+https://github.com/rust-lang/crates.io-index"
checksum = "c61d927d8da41da96a81f029489353e68739737d3beca43145c8afec9a31a84f"

[[package]]
name = "windows_i686_gnu"
version = "0.48.5"
source = "registry+https://github.com/rust-lang/crates.io-index"
checksum = "a75915e7def60c94dcef72200b9a8e58e5091744960da64ec734a6c6e9b3743e"

[[package]]
name = "windows_i686_msvc"
version = "0.42.2"
source = "registry+https://github.com/rust-lang/crates.io-index"
checksum = "44d840b6ec649f480a41c8d80f9c65108b92d89345dd94027bfe06ac444d1060"

[[package]]
name = "windows_i686_msvc"
version = "0.48.5"
source = "registry+https://github.com/rust-lang/crates.io-index"
checksum = "8f55c233f70c4b27f66c523580f78f1004e8b5a8b659e05a4eb49d4166cca406"

[[package]]
name = "windows_x86_64_gnu"
version = "0.42.2"
source = "registry+https://github.com/rust-lang/crates.io-index"
checksum = "8de912b8b8feb55c064867cf047dda097f92d51efad5b491dfb98f6bbb70cb36"

[[package]]
name = "windows_x86_64_gnu"
version = "0.48.5"
source = "registry+https://github.com/rust-lang/crates.io-index"
checksum = "53d40abd2583d23e4718fddf1ebec84dbff8381c07cae67ff7768bbf19c6718e"

[[package]]
name = "windows_x86_64_gnullvm"
version = "0.42.2"
source = "registry+https://github.com/rust-lang/crates.io-index"
checksum = "26d41b46a36d453748aedef1486d5c7a85db22e56aff34643984ea85514e94a3"

[[package]]
name = "windows_x86_64_gnullvm"
version = "0.48.5"
source = "registry+https://github.com/rust-lang/crates.io-index"
checksum = "0b7b52767868a23d5bab768e390dc5f5c55825b6d30b86c844ff2dc7414044cc"

[[package]]
name = "windows_x86_64_msvc"
version = "0.42.2"
source = "registry+https://github.com/rust-lang/crates.io-index"
checksum = "9aec5da331524158c6d1a4ac0ab1541149c0b9505fde06423b02f5ef0106b9f0"

[[package]]
name = "windows_x86_64_msvc"
version = "0.48.5"
source = "registry+https://github.com/rust-lang/crates.io-index"
checksum = "ed94fce61571a4006852b7389a063ab983c02eb1bb37b47f8272ce92d06d9538"

[[package]]
name = "x11"
version = "2.21.0"
source = "registry+https://github.com/rust-lang/crates.io-index"
checksum = "502da5464ccd04011667b11c435cb992822c2c0dbde1770c988480d312a0db2e"
dependencies = [
 "libc",
 "pkg-config",
]
